Microsoft Visual Studio Solution File, Format Version 12.00
# Visual Studio Version 17
VisualStudioVersion = 17.5.2.0
MinimumVisualStudioVersion = 10.0.40219.1
Project("{FAE04EC0-301F-11D3-BF4B-00C04F79EFBC}") = "ScoresProcessor", "ScoresProcessor.csproj", "{61F3BA49-7D85-4F88-4837-BE7A5AA621E0}"
EndProject
Global
	GlobalSection(SolutionConfigurationPlatforms) = preSolution
		Debug|Any CPU = Debug|Any CPU
		Release|Any CPU = Release|Any CPU
	EndGlobalSection
	GlobalSection(ProjectConfigurationPlatforms) = postSolution
		{61F3BA49-7D85-4F88-4837-BE7A5AA621E0}.Debug|Any CPU.ActiveCfg = Debug|Any CPU
		{61F3BA49-7D85-4F88-4837-BE7A5AA621E0}.Debug|Any CPU.Build.0 = Debug|Any CPU
		{61F3BA49-7D85-4F88-4837-BE7A5AA621E0}.Release|Any CPU.ActiveCfg = Release|Any CPU
		{61F3BA49-7D85-4F88-4837-BE7A5AA621E0}.Release|Any CPU.Build.0 = Release|Any CPU
	EndGlobalSection
	GlobalSection(SolutionProperties) = preSolution
		HideSolutionNode = FALSE
	EndGlobalSection
	GlobalSection(ExtensibilityGlobals) = postSolution
		SolutionGuid = {9EF34C64-EC8A-453F-B6C8-934F7210C164}
	EndGlobalSection
EndGlobal
